version = 1
revision = 3
requires-python = ">=3.11"

[[package]]
name = "colorama"
version = "0.4.6"
source = { registry = "https://pypi.org/simple" }
sdist = { url = "https://files.pythonhosted.org/packages/d8/53/6f443c9a4a8358a93a6792e2acffb9d9d5cb0a5cfd8802644b7b1c9a02e4/colorama-0.4.6.tar.gz", hash = "sha256:08695f5cb7ed6e0531a20572697297273c47b8cae5a63ffc6d6ed5c201be6e44", size = 27697, upload-time = "2022-10-25T02:36:22.414Z" }
wheels = [
    { url = "https://files.pythonhosted.org/packages/d1/d6/3965ed04c63042e047cb6a3e6ed1a63a35087b6a609aa3a15ed8ac56c221/colorama-0.4.6-py2.py3-none-any.whl", hash = "sha256:4f1d9991f5acc0ca119f9d443620b77f9d6b33703e51011c16baf57afb285fc6", size = 25335, upload-time = "2022-10-25T02:36:20.889Z" },
]

[[package]]
name = "h11"
version = "0.16.0"
source = { registry = "https://pypi.org/simple" }
sdist = { url = "https://files.pythonhosted.org/packages/01/ee/02a2c011bdab74c6fb3c75474d40b3052059d95df7e73351460c8588d963/h11-0.16.0.tar.gz", hash = "sha256:4e35b956cf45792e4caa5885e69fba00bdbc6ffafbfa020300e549b208ee5ff1", size = 101250, upload-time = "2025-04-24T03:35:25.427Z" }
wheels = [
    { url = "https://files.pythonhosted.org/packages/04/4b/29cac41a4d98d144bf5f6d33995617b185d14b22401f75ca86f384e87ff1/h11-0.16.0-py3-none-any.whl", hash = "sha256:63cf8bbe7522de3bf65932fda1d9c2772064ffb3dae62d55932da54b31cb6c86", size = 37515, upload-time = "2025-04-24T03:35:24.344Z" },
]

[[package]]
name = "h2"
version = "4.4.1"
source = { registry = "https://pypi.org/simple" }
dependencies = [
    { name = "hpack" },
    { name = "hyperframe" },
]
sdist = { url = "https://files.pythonhosted.org/packages/e7/85/7c366e69d84c17bb778fe41419e1fbcce3033d5b7ce29bbffff0a98b859f/h2-4.4.1.tar.gz", hash = "sha256:4e866ffb1a869ae14dd9b5e6beb5c24a13da0495ad72b65925ded182521c1516", size = 2157281, upload-time = "2026-08-03T11:45:09.509Z" }
wheels = [
    { url = "https://files.pythonhosted.org/packages/7e/22/e85faf23bd72a92d1921e37d674ca56eb298a3c8be31fdecef0ff2b3aaac/h2-4.4.1-py3-none-any.whl", hash = "sha256:0e25f1462b23c9cb82d9eb02e28bc706dac2a68cb457c6a0d74d63c8a2a5d0e6", size = 62636, upload-time = "2026-08-03T11:44:59.164Z" },
]

[[package]]
name = "hpack"
version = "4.2.0"
source = { registry = "https://pypi.org/simple" }
sdist = { url = "https://files.pythonhosted.org/packages/26/5b/fcabf6028144a8723726318b07a32c2f3314acdff6265743cf08a344b18e/hpack-4.2.0.tar.gz", hash = "sha256:0895cfa3b5531fc65fe439c05eb65144f123bf7a394fcaa56aa423548d8e45c0", size = 51300, upload-time = "2026-06-23T18:34:46.667Z" }
wheels = [
    { url = "https://files.pythonhosted.org/packages/71/b4/4a9fcfb2aef6ba44d9073ecd301443aa00b3dac95de5619f2a7de7ec8a91/hpack-4.2.0-py3-none-any.whl", hash = "sha256:858ac0b02280fa582b5080d68db0899c62a80375e0e5413a74970c5e518b6986", size = 34246, upload-time = "2026-06-23T18:34:45.472Z" },
]

[[package]]
name = "hypercorn"
version = "0.18.0"
source = { registry = "https://pypi.org/simple" }
dependencies = [
    { name = "h11" },
    { name = "h2" },
    { name = "priority" },
    { name = "wsproto" },
]
sdist = { url = "https://files.pythonhosted.org/packages/44/01/39f41a014b83dd5c795217362f2ca9071cf243e6a75bdcd6cd5b944658cc/hypercorn-0.18.0.tar.gz", hash = "sha256:d63267548939c46b0247dc8e5b45a9947590e35e64ee73a23c074aa3cf88e9da", size = 68420, upload-time = "2025-11-08T13:54:04.78Z" }
wheels = [
    { url = "https://files.pythonhosted.org/packages/93/35/850277d1b17b206bd10874c8a9a3f52e059452fb49bb0d22cbb908f6038b/hypercorn-0.18.0-py3-none-any.whl", hash = "sha256:225e268f2c1c2f28f6d8f6db8f40cb8c992963610c5725e13ccfcddccb24b1cd", size = 61640, upload-time = "2025-11-08T13:54:03.202Z" },
]

[[package]]
name = "hyperframe"
version = "6.1.0"
source = { registry = "https://pypi.org/simple" }
sdist = { url = "https://files.pythonhosted.org/packages/02/e7/94f8232d4a74cc99514c13a9f995811485a6903d48e5d952771ef6322e30/hyperframe-6.1.0.tar.gz", hash = "sha256:f630908a00854a7adeabd6382b43923a4c4cd4b821fcb527e6ab9e15382a3b08", size = 26566, upload-time = "2025-01-22T21:41:49.302Z" }
wheels = [
    { url = "https://files.pythonhosted.org/packages/48/30/47d0bf6072f7252e6521f3447ccfa40b421b6824517f82854703d0f5a98b/hyperframe-6.1.0-py3-none-any.whl", hash = "sha256:b03380493a519fce58ea5af42e4a42317bf9bd425596f7a0835ffce80f1a42e5", size = 13007, upload-time = "2025-01-22T21:41:47.295Z" },
]

[[package]]
name = "iniconfig"
version = "2.3.0"
source = { registry = "https://pypi.org/simple" }
sdist = { url = "https://files.pythonhosted.org/packages/72/34/14ca021ce8e5dfedc35312d08ba8bf51fdd999c576889fc2c24cb97f4f10/iniconfig-2.3.0.tar.gz", hash = "sha256:c76315c77db068650d49c5b56314774a7804df16fee4402c1f19d6d15d8c4730", size = 20503, upload-time = "2025-10-18T21:55:43.219Z" }
wheels = [
    { url = "https://files.pythonhosted.org/packages/cb/b1/3846dd7f199d53cb17f49cba7e651e9ce294d8497c8c150530ed11865bb8/iniconfig-2.3.0-py3-none-any.whl", hash = "sha256:f631c04d2c48c52b84d0d0549c99ff3859c98df65b3101406327ecc7d53fbf12", size = 7484, upload-time = "2025-10-18T21:55:41.639Z" },
]

[[package]]
name = "packaging"
version = "26.3"
source = { registry = "https://pypi.org/simple" }
sdist = { url = "https://files.pythonhosted.org/packages/7d/fa/3944b40b07da9ce895c0e6303a5ab7d53da063554f534556b134a54d6093/packaging-26.3.tar.gz", hash = "sha256:94edc256424af38762eb31306eed28beb9f0efc50a8837492c9d6fd6004aed79", size = 313412, upload-time = "2026-08-04T18:15:28.737Z" }
wheels = [
    { url = "https://files.pythonhosted.org/packages/63/34/ba1c580383c9eada3711951fef0795c80b829a078d72188184bcab9dd527/packaging-26.3-py3-none-any.whl", hash = "sha256:d7193f7c8e4e93f444fde0262bf90af30e16fa0ad0ad44cb553c87339b23cd1c", size = 129956, upload-time = "2026-08-04T18:15:27.159Z" },
]

[[package]]
name = "pluggy"
version = "1.6.0"
source = { registry = "https://pypi.org/simple" }
sdist = { url = "https://files.pythonhosted.org/packages/f9/e2/3e91f31a7d2b083fe6ef3fa267035b518369d9511ffab804f839851d2779/pluggy-1.6.0.tar.gz", hash = "sha256:7dcc130b76258d33b90f61b658791dede3486c3e6bfb003ee5c9bfb396dd22f3", size = 69412, upload-time = "2025-05-15T12:30:07.975Z" }
wheels = [
    { url = "https://files.pythonhosted.org/packages/54/20/4d324d65cc6d9205fabedc306948156824eb9f0ee1633355a8f7ec5c66bf/pluggy-1.6.0-py3-none-any.whl", hash = "sha256:e920276dd6813095e9377c0bc5566d94c932c33b27a3e3945d8389c374dd4746", size = 20538, upload-time = "2025-05-15T12:30:06.134Z" },
]

[[package]]
name = "priority"
version = "2.0.0"
source = { registry = "https://pypi.org/simple" }
sdist = { url = "https://files.pythonhosted.org/packages/f5/3c/eb7c35f4dcede96fca1842dac5f4f5d15511aa4b52f3a961219e68ae9204/priority-2.0.0.tar.gz", hash = "sha256:c965d54f1b8d0d0b19479db3924c7c36cf672dbf2aec92d43fbdaf4492ba18c0", size = 24792, upload-time = "2021-06-27T10:15:05.487Z" }
wheels = [
    { url = "https://files.pythonhosted.org/packages/5e/5f/82c8074f7e84978129347c2c6ec8b6c59f3584ff1a20bc3c940a3e061790/priority-2.0.0-py3-none-any.whl", hash = "sha256:6f8eefce5f3ad59baf2c080a664037bb4725cd0a790d53d59ab4059288faf6aa", size = 8946, upload-time = "2021-06-27T10:15:03.856Z" },
]

[[package]]
name = "pygments"
version = "2.21.0"
source = { registry = "https://pypi.org/simple" }
sdist = { url = "https://files.pythonhosted.org/packages/49/2e/ced460408999b33da6b31b0021b0f37d329e202d4169aeb164493778f25b/pygments-2.21.0.tar.gz", hash = "sha256:610ca751c9bc2492b38eb9a38a7fbc93edbbb2d7182edaf34e66ae493dee5c8c", size = 5005329, upload-time = "2026-08-17T08:02:48.824Z" }
wheels = [
    { url = "https://files.pythonhosted.org/packages/71/46/17f022dd3e953bf20a04a028a21ec746d942f8d2af30fa0f124fa0e6a684/pygments-2.21.0-py3-none-any.whl", hash = "sha256:2363c69b61c4a97c838da3b130dcd6468f4848992b21a82f2a63ec34377137d9", size = 1250147, upload-time = "2026-08-17T08:02:44.912Z" },
]

[[package]]
name = "pytest"
version = "9.1.1"
source = { registry = "https://pypi.org/simple" }
dependencies = [
    { name = "colorama", marker = "sys_platform == 'win32'" },
    { name = "iniconfig" },
    { name = "packaging" },
    { name = "pluggy" },
    { name = "pygments" },
]
sdist = { url = "https://files.pythonhosted.org/packages/e4/47/b9efed96c114afcfa3c9d3fe98a76a1d14c74a9e266d397cf6eb64be5e01/pytest-9.1.1.tar.gz", hash = "sha256:1088fbde8f2b49d95a549a195707afa7a76a3ce9bcadc26b6d71f0ffda5fe313", size = 1636369, upload-time = "2026-06-19T10:58:32.857Z" }
wheels = [
    { url = "https://files.pythonhosted.org/packages/24/25/1de2678b631f5a49215c6c96fff41ba892b0a34df68d6d80292b1b48aa7f/pytest-9.1.1-py3-none-any.whl", hash = "sha256:37a86b45efb9a47a61a36449063e8e18d0cab3161329fc099eb21783169c4f0c", size = 386536, upload-time = "2026-06-19T10:58:31.347Z" },
]

[[package]]
name = "restate-sdk"
version = "1.0.5"
source = { registry = "https://pypi.org/simple" }
sdist = { url = "https://files.pythonhosted.org/packages/81/ed/ea8f3c35fa7c6d5a37e5f523369fe32cc1c7ed941ed1e48b113c1bc0fb43/restate_sdk-1.0.5.tar.gz", hash = "sha256:1612a9eafacfec77389b33b5d92d6239fd4fe6c15d3a98412ca8c312da814439", size = 318741, upload-time = "2026-09-02T10:19:45.947Z" }
wheels = [
    { url = "https://files.pythonhosted.org/packages/0b/be/f3659fbb73d4a252639faef1ce9bc64e42d8e37c75aa8fb96341a6d1c479/restate_sdk-1.0.5-cp311-cp311-macosx_10_12_x86_64.whl", hash = "sha256:7cd15db8a8ae36c95b06b9c68be46ef71091c93f02a6fbcf9b29aac80d2d5088", size = 1946584, upload-time = "2026-09-02T10:19:10.14Z" },
    { url = "https://files.pythonhosted.org/packages/46/48/7d6dd86de08a0ee000e93b1daa9d13c98a4bc30cdb66c08675a5f32a21b6/restate_sdk-1.0.5-cp311-cp311-macosx_11_0_arm64.whl", hash = "sha256:c2a50d6c840d4feb57290a9523b9c8e5adc25b4be341cbd4e02bf7d894bc56be", size = 1878315, upload-time = "2026-09-02T10:19:03.286Z" },
    { url = "https://files.pythonhosted.org/packages/53/69/3512909a6c4d146ff43e1fd7230b696fd230032acf597f612d2bbc4c7864/restate_sdk-1.0.5-cp311-cp311-manylinux_2_17_x86_64.manylinux2014_x86_64.whl", hash = "sha256:55e711c01707c10bb9271ea66f20898d6323b4f1f947b27d1e4fe6bd3b3d8ea7", size = 2087559, upload-time = "2026-09-02T10:18:52.609Z" },
    { url = "https://files.pythonhosted.org/packages/cd/58/ca09c168d69db6c1140e30bdbff3242cad2519d449479b312e934b331058/restate_sdk-1.0.5-cp311-cp311-manylinux_2_28_aarch64.whl", hash = "sha256:1c756ffe1fc94e8c679efabb39d72d568d1d9cc4716fbc1b9a4a735296f6236a", size = 2146900, upload-time = "2026-09-02T10:18:38.748Z" },
    { url = "https://files.pythonhosted.org/packages/93/13/c44390e94a0379d556fadf2fb3ef41e16f96ddc27f5db3552e2fc724af5d/restate_sdk-1.0.5-cp311-cp311-musllinux_1_2_aarch64.whl", hash = "sha256:ce55d1dc94c77905b6fd728c098f3dd6f6d9cbb5f38f03821622f34c26887ca1", size = 2325795, upload-time = "2026-09-02T10:19:18.789Z" },
    { url = "https://files.pythonhosted.org/packages/4e/77/f7e7ac16be7d788edf9999d1184851c1ef77233c0509789d26a1afd4ce00/restate_sdk-1.0.5-cp311-cp311-musllinux_1_2_x86_64.whl", hash = "sha256:e164d0b38e840bbe3eb441d52a44a1491374433aab0528bea4e7d539cec7add2", size = 2395061, upload-time = "2026-09-02T10:19:33.428Z" },
    { url = "https://files.pythonhosted.org/packages/d6/7a/b0be4e2293d0eb8c69bab18322e707232ac3164b406d389107f9ba2cd241/restate_sdk-1.0.5-cp312-cp312-macosx_10_12_x86_64.whl", hash = "sha256:67221a17b4616cc3a7940343b2b9e1c4a04177d74f124c56b308991fe43cd4b3", size = 1940370, upload-time = "2026-09-02T10:19:11.797Z" },
    { url = "https://files.pythonhosted.org/packages/f6/73/4452b5bb3d1720570813edafc312df878b08204c32cf644d7c51af21cf72/restate_sdk-1.0.5-cp312-cp312-macosx_11_0_arm64.whl", hash = "sha256:2c149b808827391e1ee6a70b8f2821ce0a074075a3e58e8bd8317c1306831e43", size = 1875265, upload-time = "2026-09-02T10:19:05.007Z" },
    { url = "https://files.pythonhosted.org/packages/94/12/67ca61526f1148c2b37ecd67a3ec6e8ffa452d9c8b09e132a8f488f6ab69/restate_sdk-1.0.5-cp312-cp312-manylinux_2_17_x86_64.manylinux2014_x86_64.whl", hash = "sha256:25c42314d951939c98bb707409faa6d2cd934f64417dd9f93d36b470c3b7440a", size = 2088366, upload-time = "2026-09-02T10:18:54.386Z" },
    { url = "https://files.pythonhosted.org/packages/c6/c0/4993d0b7cbc38d0ffb8e1d71a4825ca217335ca7dfd46bf9213b61c8f7d0/restate_sdk-1.0.5-cp312-cp312-manylinux_2_28_aarch64.whl", hash = "sha256:7b8d1cbdee643d8d1d0e2f47b13a570c72d0f4d2d02e93977e211d10c6e01d8c", size = 2145980, upload-time = "2026-09-02T10:18:40.489Z" },
    { url = "https://files.pythonhosted.org/packages/87/bf/c5f01407dbfae8736a9b98172790fe71ddf58814db2bc2f8e41d970e0fee/restate_sdk-1.0.5-cp312-cp312-musllinux_1_2_aarch64.whl", hash = "sha256:a76dcd964493ba41e722a563c0e362f9206bc43cd755a6b518d6ef9340304efc", size = 2325383, upload-time = "2026-09-02T10:19:20.401Z" },
    { url = "https://files.pythonhosted.org/packages/f7/8d/9cc3aaba965ba68fffc7940f57ba45862a354390cfc0cd6901a956554e8e/restate_sdk-1.0.5-cp312-cp312-musllinux_1_2_x86_64.whl", hash = "sha256:9ab72a20ca2970e429110bf8e113e21d43c485ffd78007c0e3fc322c11c6b173", size = 2396132, upload-time = "2026-09-02T10:19:35.144Z" },
    { url = "https://files.pythonhosted.org/packages/54/58/4081d03a77de2bd6686360554246a87bf6f8faf18e8e8ace5b9554192f2d/restate_sdk-1.0.5-cp313-cp313-macosx_10_12_x86_64.whl", hash = "sha256:ee431ef6c2045540af26a6153c1e2bac2a9caeba2072433b7ab49d0f0a30fe60", size = 1939842, upload-time = "2026-09-02T10:19:13.744Z" },
    { url = "https://files.pythonhosted.org/packages/58/ce/5fd454b21dd8f321535438aff94db798131bc51a3c8ef3a3326d8dc3a09b/restate_sdk-1.0.5-cp313-cp313-macosx_11_0_arm64.whl", hash = "sha256:eccfa806aa7f0b0698acf9f9a7e24e583370b220b4ba9a67f4b925d17894dadb", size = 1874951, upload-time = "2026-09-02T10:19:06.751Z" },
    { url = "https://files.pythonhosted.org/packages/98/ba/186d87296162a5e59190256061c2eaf786a253238a6f056a2213361498c9/restate_sdk-1.0.5-cp313-cp313-manylinux_2_17_x86_64.manylinux2014_x86_64.whl", hash = "sha256:7ddc760b7c180ae5683de179073bf61e8b64cbf2cfa55787dc25be5ce34dc01e", size = 2087386, upload-time = "2026-09-02T10:18:56.03Z" },
    { url = "https://files.pythonhosted.org/packages/75/ac/45b6c287a8d5c2c075631a5f2972609e71d770b3ecc33f9add9ef3f9f064/restate_sdk-1.0.5-cp313-cp313-manylinux_2_28_aarch64.whl", hash = "sha256:148e12e5cbdc5daecbbaaeece7d64da20828c2fbc1ae875b2190d398d7705400", size = 2146712, upload-time = "2026-09-02T10:18:42.182Z" },
    { url = "https://files.pythonhosted.org/packages/16/36/4d46677471829f76191fbc3d34c1ffb5d49d3566c3ee1f31a51ebcc9bed3/restate_sdk-1.0.5-cp313-cp313-musllinux_1_2_aarch64.whl", hash = "sha256:a08e9626476e33675ffa4078353bd00638a638633a1037ffaa1c144414783a82", size = 2324742, upload-time = "2026-09-02T10:19:22.131Z" },
    { url = "https://files.pythonhosted.org/packages/98/d5/2c928282d5be573466375a67eed648710ce5b0193f47ed83b0a402f33680/restate_sdk-1.0.5-cp313-cp313-musllinux_1_2_x86_64.whl", hash = "sha256:d19348ab5de3b6ff002280716adc8cb68ef7fde9102cc91f5717af7131ca232a", size = 2395420, upload-time = "2026-09-02T10:19:36.957Z" },
    { url = "https://files.pythonhosted.org/packages/1d/2a/eda7ce9b38a96199a04860f0cfa640d7ef080557d336e51cac313d4a7e1a/restate_sdk-1.0.5-cp314-cp314-macosx_10_12_x86_64.whl", hash = "sha256:496905a8740bf5d7d64566ad76efe787e04460eb2f795ba1d9f654db15c8319c", size = 1940759, upload-time = "2026-09-02T10:19:15.448Z" },
    { url = "https://files.pythonhosted.org/packages/26/9c/05e754d36341cf504ea6ccf6e6878be147820967b8369629c75b24bb6b74/restate_sdk-1.0.5-cp314-cp314-macosx_11_0_arm64.whl", hash = "sha256:a83bc1f8d6fc1db837510b61cc5a8b7196ff86b5004d251375b61483f0bb743c", size = 1874932, upload-time = "2026-09-02T10:19:08.448Z" },
    { url = "https://files.pythonhosted.org/packages/78/10/0a6fba65fbc8943290797ca6de69e3358c058020330055e8192e6bfc28ad/restate_sdk-1.0.5-cp314-cp314-manylinux_2_17_x86_64.manylinux2014_x86_64.whl", hash = "sha256:73742561bb0d38a78c12cbff84f13af4873d77d4aa6f0762e15d1ec219bae00b", size = 2087809, upload-time = "2026-09-02T10:18:57.852Z" },
    { url = "https://files.pythonhosted.org/packages/f4/75/66601875ca29875d466d0ba151c9a736f031368da25ba037d2f4dbd53545/restate_sdk-1.0.5-cp314-cp314-manylinux_2_28_aarch64.whl", hash = "sha256:8c00d76f757f3c688ae5c4ce2548e69c8db4f642a7b3c97940a1aa72da3a20b6", size = 2146349, upload-time = "2026-09-02T10:18:43.815Z" },
    { url = "https://files.pythonhosted.org/packages/61/51/fb325b9180824a30c01748bafec9911d2711a300f18d420910964ba55ecb/restate_sdk-1.0.5-cp314-cp314-musllinux_1_2_aarch64.whl", hash = "sha256:da933d112ed5e7ca63440891dadd665dc25bb0adb818a6c118398b203fa80903", size = 2324816, upload-time = "2026-09-02T10:19:23.754Z" },
    { url = "https://files.pythonhosted.org/packages/45/05/080e9b3fb653469090b37b86c2227268ec3f6748283789a5f9b0469336ec/restate_sdk-1.0.5-cp314-cp314-musllinux_1_2_x86_64.whl", hash = "sha256:dd9ca4be0eb7594bf9b84cf72abf4ed0f056d858db1dc2b8f39711711b026c63", size = 2395307, upload-time = "2026-09-02T10:19:38.747Z" },
    { url = "https://files.pythonhosted.org/packages/05/66/e266eef4ed3169b9b2581102f6137c5352d4b4e801917a8d17ed372d7508/restate_sdk-1.0.5-cp314-cp314t-manylinux_2_17_x86_64.manylinux2014_x86_64.whl", hash = "sha256:2dbea3d7bb2dff47ce5ed02883b09f55d46d28a8fb56db7967c61f371b8fc5b9", size = 2087003, upload-time = "2026-09-02T10:18:59.481Z" },
    { url = "https://files.pythonhosted.org/packages/e4/45/d846a1758866e837d5b1cc0967d857f1c60cdd7d284ae16891fe107115c5/restate_sdk-1.0.5-cp314-cp314t-manylinux_2_28_aarch64.whl", hash = "sha256:7c2509d37f41d3892a96be35ba8db0184376b5d5863016544d98a4672e21c40a", size = 2147451, upload-time = "2026-09-02T10:18:45.457Z" },
    { url = "https://files.pythonhosted.org/packages/47/c4/818f87135e15d51f39a91ea1fa74a174bd6d822c09bd328c809b1fa2b44b/restate_sdk-1.0.5-cp314-cp314t-musllinux_1_2_aarch64.whl", hash = "sha256:7fb38e3fb0b0d6cf00d66b77745da410425e2c532140e2df188865072f751e63", size = 2325398, upload-time = "2026-09-02T10:19:25.543Z" },
    { url = "https://files.pythonhosted.org/packages/60/2a/43cfd6ba2fcaa1e9e71ee272d9c95cd5cfbe2829d3178c1236dccaddd9b0/restate_sdk-1.0.5-cp314-cp314t-musllinux_1_2_x86_64.whl", hash = "sha256:49f3bed25db342da362463c13726903ab10f479b5ae496d00a527fa9f972aa7b", size = 2395148, upload-time = "2026-09-02T10:19:40.569Z" },
    { url = "https://files.pythonhosted.org/packages/17/10/f9b918264091314e7d719c0d25cc31e28234c020203b728b9ae22ad9fa8e/restate_sdk-1.0.5-pp311-pypy311_pp73-manylinux_2_17_x86_64.manylinux2014_x86_64.whl", hash = "sha256:27a3f067463a0729d2c6ef6c2a892873293c26ad8f2c8d3acfae4a3739a6bbf8", size = 2088850, upload-time = "2026-09-02T10:19:01.507Z" },
    { url = "https://files.pythonhosted.org/packages/2d/da/4a2b53020237d11364202ddc69462db9a1a919461369d3be07f9363649b4/restate_sdk-1.0.5-pp311-pypy311_pp73-manylinux_2_28_aarch64.whl", hash = "sha256:fbed47a579e244b3ca3cec4da61ad3f5c1d36abca8bd1d9e969320580fdcdd60", size = 2147073, upload-time = "2026-09-02T10:18:49.085Z" },
    { url = "https://files.pythonhosted.org/packages/ca/8e/ee7d1aec46bc7f048ee6089f10726575ed4baee18a0de31a0bfd917cf6b6/restate_sdk-1.0.5-pp311-pypy311_pp73-musllinux_1_2_aarch64.whl", hash = "sha256:07ba170107e1d5736e184ff6c51439f5856954fc1f12f0bdb1cb8e7545ded281", size = 2325650, upload-time = "2026-09-02T10:19:29.571Z" },
    { url = "https://files.pythonhosted.org/packages/b6/49/8d00899c34d443a55ed55c5a601f9f96dc0031451a038cf2f1f4c7c9cda1/restate_sdk-1.0.5-pp311-pypy311_pp73-musllinux_1_2_x86_64.whl", hash = "sha256:b6f5e1df433911035c9d3438901171ac476c07344e467637ffc46ed2b0dcf38f", size = 2397538, upload-time = "2026-09-02T10:19:44.107Z" },
]

[[package]]
name = "reviewdemo"
version = "0.1.0"
source = { editable = "." }
dependencies = [
    { name = "hypercorn" },
    { name = "restate-sdk" },
]

[package.dev-dependencies]
dev = [
    { name = "pytest" },
]

[package.metadata]
requires-dist = [
    { name = "hypercorn", specifier = ">=0.17" },
    { name = "restate-sdk", specifier = ">=1.0" },
]

[package.metadata.requires-dev]
dev = [{ name = "pytest", specifier = ">=9.1.1" }]

[[package]]
name = "wsproto"
version = "1.3.2"
source = { registry = "https://pypi.org/simple" }
dependencies = [
    { name = "h11" },
]
sdist = { url = "https://files.pythonhosted.org/packages/c7/79/12135bdf8b9c9367b8701c2c19a14c913c120b882d50b014ca0d38083c2c/wsproto-1.3.2.tar.gz", hash = "sha256:b86885dcf294e15204919950f666e06ffc6c7c114ca900b060d6e16293528294", size = 50116, upload-time = "2025-11-20T18:18:01.871Z" }
wheels = [
    { url = "https://files.pythonhosted.org/packages/a4/f5/10b68b7b1544245097b2a1b8238f66f2fc6dcaeb24ba5d917f52bd2eed4f/wsproto-1.3.2-py3-none-any.whl", hash = "sha256:61eea322cdf56e8cc904bd3ad7573359a242ba65688716b0710a5eb12beab584", size = 24405, upload-time = "2025-11-20T18:18:00.454Z" },
]
